
Microsoft Visual Studio Solution File, Format Version 12.00
# Visual Studio 14
VisualStudioVersion = 14.0.25420.1
MinimumVisualStudioVersion = 10.0.40219.1
Project("{FAE04EC0-301F-11D3-BF4B-00C04F79EFBC}") = "Post-Install-Wizard", "Post-Install-Wizard\Post-Install-Wizard.csproj", "{E7255375-E5B5-4664-A77C-B6C34E93D702}"
EndProject
Project("{FAE04EC0-301F-11D3-BF4B-00C04F79EFBC}") = "RunAdmin", "RunAdmin\RunAdmin.csproj", "{245A611C-1173-41C4-B85D-685A7E45137D}"
EndProject
Global
	GlobalSection(SolutionConfigurationPlatforms) = preSolution
		Debug|Any CPU = Debug|Any CPU
		DefaultBuild|Any CPU = DefaultBuild|Any CPU
		Release|Any CPU = Release|Any CPU
	EndGlobalSection
	GlobalSection(ProjectConfigurationPlatforms) = postSolution
		{E7255375-E5B5-4664-A77C-B6C34E93D702}.Debug|Any CPU.ActiveCfg = Debug|Any CPU
		{E7255375-E5B5-4664-A77C-B6C34E93D702}.Debug|Any CPU.Build.0 = Debug|Any CPU
		{E7255375-E5B5-4664-A77C-B6C34E93D702}.DefaultBuild|Any CPU.ActiveCfg = Debug|Any CPU
		{E7255375-E5B5-4664-A77C-B6C34E93D702}.DefaultBuild|Any CPU.Build.0 = Debug|Any CPU
		{E7255375-E5B5-4664-A77C-B6C34E93D702}.Release|Any CPU.ActiveCfg = Release|Any CPU
		{E7255375-E5B5-4664-A77C-B6C34E93D702}.Release|Any CPU.Build.0 = Release|Any CPU
		{245A611C-1173-41C4-B85D-685A7E45137D}.Debug|Any CPU.ActiveCfg = Debug|Any CPU
		{245A611C-1173-41C4-B85D-685A7E45137D}.Debug|Any CPU.Build.0 = Debug|Any CPU
		{245A611C-1173-41C4-B85D-685A7E45137D}.DefaultBuild|Any CPU.ActiveCfg = Debug|Any CPU
		{245A611C-1173-41C4-B85D-685A7E45137D}.DefaultBuild|Any CPU.Build.0 = Debug|Any CPU
		{245A611C-1173-41C4-B85D-685A7E45137D}.Release|Any CPU.ActiveCfg = Release|Any CPU
		{245A611C-1173-41C4-B85D-685A7E45137D}.Release|Any CPU.Build.0 = Release|Any CPU
	EndGlobalSection
	GlobalSection(SolutionProperties) = preSolution
		HideSolutionNode = FALSE
	EndGlobalSection
EndGlobal
